example.com/greet v1.0.0 h1:fixture-hash-example-com-greet-v1.0.0
example.com/greet v1.0.0/go.mod h1:fixture-mod-hash-example.com-greet-v1.0.0
example.com/winonly v1.0.0 h1:fixture-hash-example-com-winonly-v1.0.0
example.com/winonly v1.0.0/go.mod h1:fixture-mod-hash-example.com-winonly-v1.0.0
example.com/optionalfeat v1.0.0 h1:fixture-hash-example-com-optionalfeat-v1.0.0
example.com/optionalfeat v1.0.0/go.mod h1:fixture-mod-hash-example.com-optionalfeat-v1.0.0
