lockfileVersion: '9.0'

importers:
  .:
    dependencies:
      jest:
        specifier: 30.2.0
        version: 30.2.0
  packages/a:
    dependencies:
      jest:
        specifier: 30.2.0
        version: 30.2.0
  packages/b:
    dependencies:
      jest:
        specifier: 30.2.0
        version: 30.2.0

packages:
  'jest@30.2.0':
    resolution: {integrity: sha512-fixture-shared-jest}
  'transitive-dep@1.0.0':
    resolution: {integrity: sha512-fixture-shared-transitive}
